
Microsoft Visual Studio Solution File, Format Version 12.00
Project("{FAE04EC0-301F-11D3-BF4B-00C04F79EFBC}") = "Configuration.Substitution", "Configuration.Substitution\Configuration.Substitution.csproj", "{BD3908C2-FBA9-4F07-B45D-9FC31EA58E2D}"
EndProject
Global
	GlobalSection(SolutionConfigurationPlatforms) = preSolution
		Debug|Any CPU = Debug|Any CPU
		Release|Any CPU = Release|Any CPU
	EndGlobalSection
	GlobalSection(ProjectConfigurationPlatforms) = postSolution
		{BD3908C2-FBA9-4F07-B45D-9FC31EA58E2D}.Debug|Any CPU.ActiveCfg = Debug|Any CPU
		{BD3908C2-FBA9-4F07-B45D-9FC31EA58E2D}.Debug|Any CPU.Build.0 = Debug|Any CPU
		{BD3908C2-FBA9-4F07-B45D-9FC31EA58E2D}.Release|Any CPU.ActiveCfg = Release|Any CPU
		{BD3908C2-FBA9-4F07-B45D-9FC31EA58E2D}.Release|Any CPU.Build.0 = Release|Any CPU
	EndGlobalSection
EndGlobal
